// !$*UTF8*$!
{
	archiveVersion = 1;
	classes = {
	};
	objectVersion = 56;
	objects = {

/* Begin PBXBuildFile section */
		3B9AC5D52CC2B00C00F909B4 /* AppDelegate.swift in Sources */ = {isa = PBXBuildFile; fileRef = 3B9AC5D42CC2B00C00F909B4 /* AppDelegate.swift */; };
		3B9AC5D72CC2B00C00F909B4 /* SceneDelegate.swift in Sources */ = {isa = PBXBuildFile; fileRef = 3B9AC5D62CC2B00C00F909B4 /* SceneDelegate.swift */; };
		3B9AC5D92CC2B00C00F909B4 /* ViewController.swift in Sources */ = {isa = PBXBuildFile; fileRef = 3B9AC5D82CC2B00C00F909B4 /* ViewController.swift */; };
		3B9AC5DC2CC2B00C00F909B4 /* Base in Resources */ = {isa = PBXBuildFile; fileRef = 3B9AC5DB2CC2B00C00F909B4 /* Base */; };
		3B9AC5DE2CC2B00D00F909B4 /* Assets.xcassets in Resources */ = {isa = PBXBuildFile; fileRef = 3B9AC5DD2CC2B00D00F909B4 /* Assets.xcassets */; };
		3B9AC5E12CC2B00D00F909B4 /* Base in Resources */ = {isa = PBXBuildFile; fileRef = 3B9AC5E02CC2B00D00F909B4 /* Base */; };
		3B9AC5EC2CC2B00D00F909B4 /* ContactAppTests.swift in Sources */ = {isa = PBXBuildFile; fileRef = 3B9AC5EB2CC2B00D00F909B4 /* ContactAppTests.swift */; };
		3B9AC5F62CC2B00D00F909B4 /* ContactAppUITests.swift in Sources */ = {isa = PBXBuildFile; fileRef = 3B9AC5F52CC2B00D00F909B4 /* ContactAppUITests.swift */; };
		3B9AC5F82CC2B00D00F909B4 /* ContactAppUITestsLaunchTests.swift in Sources */ = {isa = PBXBuildFile; fileRef = 3B9AC5F72CC2B00D00F909B4 /* ContactAppUITestsLaunchTests.swift */; };
		3B9AC6052CC2B3C500F909B4 /* Contact.swift in Sources */ = {isa = PBXBuildFile; fileRef = 3B9AC6042CC2B3C500F909B4 /* Contact.swift */; };
/* End PBXBuildFile section */

/* Begin PBXContainerItemProxy section */
		3B9AC5E82CC2B00D00F909B4 /* PBXContainerItemProxy */ = {
			isa = PBXContainerItemProxy;
			containerPortal = 3B9AC5C92CC2B00C00F909B4 /* Project object */;
			proxyType = 1;
			remoteGlobalIDString = 3B9AC5D02CC2B00C00F909B4;
			remoteInfo = ContactApp;
		};
		3B9AC5F22CC2B00D00F909B4 /* PBXContainerItemProxy */ = {
			isa = PBXContainerItemProxy;
			containerPortal = 3B9AC5C92CC2B00C00F909B4 /* Project object */;
			proxyType = 1;
			remoteGlobalIDString = 3B9AC5D02CC2B00C00F909B4;
			remoteInfo = ContactApp;
		};
/* End PBXContainerItemProxy section */

/* Begin PBXFileReference section */
		3B9AC5D12CC2B00C00F909B4 /* ContactApp.app */ = {isa = PBXFileReference; explicitFileType = wrapper.application; includeInIndex = 0; path = ContactApp.app; sourceTree = BUILT_PRODUCTS_DIR; };
		3B9AC5D42CC2B00C00F909B4 /* AppDelegate.swift */ = {isa = PBXFileReference; lastKnownFileType = sourcecode.swift; path = AppDelegate.swift; sourceTree = "<group>"; };
		3B9AC5D62CC2B00C00F909B4 /* SceneDelegate.swift */ = {isa = PBXFileReference; lastKnownFileType = sourcecode.swift; path = SceneDelegate.swift; sourceTree = "<group>"; };
		3B9AC5D82CC2B00C00F909B4 /* ViewController.swift */ = {isa = PBXFileReference; lastKnownFileType = sourcecode.swift; path = ViewController.swift; sourceTree = "<group>"; };
		3B9AC5DB2CC2B00C00F909B4 /* Base */ = {isa = PBXFileReference; lastKnownFileType = file.storyboard; name = Base; path = Base.lproj/Main.storyboard; sourceTree = "<group>"; };
		3B9AC5DD2CC2B00D00F909B4 /* Assets.xcassets */ = {isa = PBXFileReference; lastKnownFileType = folder.assetcatalog; path = Assets.xcassets; sourceTree = "<group>"; };
		3B9AC5E02CC2B00D00F909B4 /* Base */ = {isa = PBXFileReference; lastKnownFileType = file.storyboard; name = Base; path = Base.lproj/LaunchScreen.storyboard; sourceTree = "<group>"; };
		3B9AC5E22CC2B00D00F909B4 /* Info.plist */ = {isa = PBXFileReference; lastKnownFileType = text.plist.xml; path = Info.plist; sourceTree = "<group>"; };
		3B9AC5E72CC2B00D00F909B4 /* ContactAppTests.xctest */ = {isa = PBXFileReference; explicitFileType = wrapper.cfbundle; includeInIndex = 0; path = ContactAppTests.xctest; sourceTree = BUILT_PRODUCTS_DIR; };
		3B9AC5EB2CC2B00D00F909B4 /* ContactAppTests.swift */ = {isa = PBXFileReference; lastKnownFileType = sourcecode.swift; path = ContactAppTests.swift; sourceTree = "<group>"; };
		3B9AC5F12CC2B00D00F909B4 /* ContactAppUITests.xctest */ = {isa = PBXFileReference; explicitFileType = wrapper.cfbundle; includeInIndex = 0; path = ContactAppUITests.xctest; sourceTree = BUILT_PRODUCTS_DIR; };
		3B9AC5F52CC2B00D00F909B4 /* ContactAppUITests.swift */ = {isa = PBXFileReference; lastKnownFileType = sourcecode.swift; path = ContactAppUITests.swift; sourceTree = "<group>"; };
		3B9AC5F72CC2B00D00F909B4 /* ContactAppUITestsLaunchTests.swift */ = {isa = PBXFileReference; lastKnownFileType = sourcecode.swift; path = ContactAppUITestsLaunchTests.swift; sourceTree = "<group>"; };
		3B9AC6042CC2B3C500F909B4 /* Contact.swift */ = {isa = PBXFileReference; lastKnownFileType = sourcecode.swift; path = Contact.swift; sourceTree = "<group>"; };
/* End PBXFileReference section */

/* Begin PBXFrameworksBuildPhase section */
		3B9AC5CE2CC2B00C00F909B4 /* Frameworks */ = {
			isa = PBXFrameworksBuildPhase;
			buildActionMask = 2147483647;
			files = (
			);
			runOnlyForDeploymentPostprocessing = 0;
		};
		3B9AC5E42CC2B00D00F909B4 /* Frameworks */ = {
			isa = PBXFrameworksBuildPhase;
			buildActionMask = 2147483647;
			files = (
			);
			runOnlyForDeploymentPostprocessing = 0;
		};
		3B9AC5EE2CC2B00D00F909B4 /* Frameworks */ = {
			isa = PBXFrameworksBuildPhase;
			buildActionMask = 2147483647;
			files = (
			);
			runOnlyForDeploymentPostprocessing = 0;
		};
/* End PBXFrameworksBuildPhase section */

/* Begin PBXGroup section */
		3B9AC5C82CC2B00C00F909B4 = {
			isa = PBXGroup;
			children = (
				3B9AC5D32CC2B00C00F909B4 /* ContactApp */,
				3B9AC5EA2CC2B00D00F909B4 /* ContactAppTests */,
				3B9AC5F42CC2B00D00F909B4 /* ContactAppUITests */,
				3B9AC5D22CC2B00C00F909B4 /* Products */,
			);
			sourceTree = "<group>";
		};
		3B9AC5D22CC2B00C00F909B4 /* Products */ = {
			isa = PBXGroup;
			children = (
				3B9AC5D12CC2B00C00F909B4 /* ContactApp.app */,
				3B9AC5E72CC2B00D00F909B4 /* ContactAppTests.xctest */,
				3B9AC5F12CC2B00D00F909B4 /* ContactAppUITests.xctest */,
			);
			name = Products;
			sourceTree = "<group>";
		};
		3B9AC5D32CC2B00C00F909B4 /* ContactApp */ = {
			isa = PBXGroup;
			children = (
				3B9AC5D42CC2B00C00F909B4 /* AppDelegate.swift */,
				3B9AC5D62CC2B00C00F909B4 /* SceneDelegate.swift */,
				3B9AC5D82CC2B00C00F909B4 /* ViewController.swift */,
				3B9AC5DA2CC2B00C00F909B4 /* Main.storyboard */,
				3B9AC6042CC2B3C500F909B4 /* Contact.swift */,
				3B9AC5DD2CC2B00D00F909B4 /* Assets.xcassets */,
				3B9AC5DF2CC2B00D00F909B4 /* LaunchScreen.storyboard */,
				3B9AC5E22CC2B00D00F909B4 /* Info.plist */,
			);
			path = ContactApp;
			sourceTree = "<group>";
		};
		3B9AC5EA2CC2B00D00F909B4 /* ContactAppTests */ = {
			isa = PBXGroup;
			children = (
				3B9AC5EB2CC2B00D00F909B4 /* ContactAppTests.swift */,
			);
			path = ContactAppTests;
			sourceTree = "<group>";
		};
		3B9AC5F42CC2B00D00F909B4 /* ContactAppUITests */ = {
			isa = PBXGroup;
			children = (
				3B9AC5F52CC2B00D00F909B4 /* ContactAppUITests.swift */,
				3B9AC5F72CC2B00D00F909B4 /* ContactAppUITestsLaunchTests.swift */,
			);
			path = ContactAppUITests;
			sourceTree = "<group>";
		};
/* End PBXGroup section */

/* Begin PBXNativeTarget section */
		3B9AC5D02CC2B00C00F909B4 /* ContactApp */ = {
			isa = PBXNativeTarget;
			buildConfigurationList = 3B9AC5FB2CC2B00D00F909B4 /* Build configuration list for PBXNativeTarget "ContactApp" */;
			buildPhases = (
				3B9AC5CD2CC2B00C00F909B4 /* Sources */,
				3B9AC5CE2CC2B00C00F909B4 /* Frameworks */,
				3B9AC5CF2CC2B00C00F909B4 /* Resources */,
			);
			buildRules = (
			);
			dependencies = (
			);
			name = ContactApp;
			productName = ContactApp;
			productReference = 3B9AC5D12CC2B00C00F909B4 /* ContactApp.app */;
			productType = "com.apple.product-type.application";
		};
		3B9AC5E62CC2B00D00F909B4 /* ContactAppTests */ = {
			isa = PBXNativeTarget;
			buildConfigurationList = 3B9AC5FE2CC2B00D00F909B4 /* Build configuration list for PBXNativeTarget "ContactAppTests" */;
			buildPhases = (
				3B9AC5E32CC2B00D00F909B4 /* Sources */,
				3B9AC5E42CC2B00D00F909B4 /* Frameworks */,
				3B9AC5E52CC2B00D00F909B4 /* Resources */,
			);
			buildRules = (
			);
			dependencies = (
				3B9AC5E92CC2B00D00F909B4 /* PBXTargetDependency */,
			);
			name = ContactAppTests;
			productName = ContactAppTests;
			productReference = 3B9AC5E72CC2B00D00F909B4 /* ContactAppTests.xctest */;
			productType = "com.apple.product-type.bundle.unit-test";
		};
		3B9AC5F02CC2B00D00F909B4 /* ContactAppUITests */ = {
			isa = PBXNativeTarget;
			buildConfigurationList = 3B9AC6012CC2B00D00F909B4 /* Build configuration list for PBXNativeTarget "ContactAppUITests" */;
			buildPhases = (
				3B9AC5ED2CC2B00D00F909B4 /* Sources */,
				3B9AC5EE2CC2B00D00F909B4 /* Frameworks */,
				3B9AC5EF2CC2B00D00F909B4 /* Resources */,
			);
			buildRules = (
			);
			dependencies = (
				3B9AC5F32CC2B00D00F909B4 /* PBXTargetDependency */,
			);
			name = ContactAppUITests;
			productName = ContactAppUITests;
			productReference = 3B9AC5F12CC2B00D00F909B4 /* ContactAppUITests.xctest */;
			productType = "com.apple.product-type.bundle.ui-testing";
		};
/* End PBXNativeTarget section */

/* Begin PBXProject section */
		3B9AC5C92CC2B00C00F909B4 /* Project object */ = {
			isa = PBXProject;
			attributes = {
				BuildIndependentTargetsInParallel = 1;
				LastSwiftUpdateCheck = 1540;
				LastUpgradeCheck = 1540;
				TargetAttributes = {
					3B9AC5D02CC2B00C00F909B4 = {
						CreatedOnToolsVersion = 15.4;
					};
					3B9AC5E62CC2B00D00F909B4 = {
						CreatedOnToolsVersion = 15.4;
						TestTargetID = 3B9AC5D02CC2B00C00F909B4;
					};
					3B9AC5F02CC2B00D00F909B4 = {
						CreatedOnToolsVersion = 15.4;
						TestTargetID = 3B9AC5D02CC2B00C00F909B4;
					};
				};
			};
			buildConfigurationList = 3B9AC5CC2CC2B00C00F909B4 /* Build configuration list for PBXProject "ContactApp" */;
			compatibilityVersion = "Xcode 14.0";
			developmentRegion = en;
			hasScannedForEncodings = 0;
			knownRegions = (
				en,
				Base,
			);
			mainGroup = 3B9AC5C82CC2B00C00F909B4;
			productRefGroup = 3B9AC5D22CC2B00C00F909B4 /* Products */;
			projectDirPath = "";
			projectRoot = "";
			targets = (
				3B9AC5D02CC2B00C00F909B4 /* ContactApp */,
				3B9AC5E62CC2B00D00F909B4 /* ContactAppTests */,
				3B9AC5F02CC2B00D00F909B4 /* ContactAppUITests */,
			);
		};
/* End PBXProject section */

/* Begin PBXResourcesBuildPhase section */
		3B9AC5CF2CC2B00C00F909B4 /* Resources */ = {
			isa = PBXResourcesBuildPhase;
			buildActionMask = 2147483647;
			files = (
				3B9AC5DE2CC2B00D00F909B4 /* Assets.xcassets in Resources */,
				3B9AC5E12CC2B00D00F909B4 /* Base in Resources */,
				3B9AC5DC2CC2B00C00F909B4 /* Base in Resources */,
			);
			runOnlyForDeploymentPostprocessing = 0;
		};
		3B9AC5E52CC2B00D00F909B4 /* Resources */ = {
			isa = PBXResourcesBuildPhase;
			buildActionMask = 2147483647;
			files = (
			);
			runOnlyForDeploymentPostprocessing = 0;
		};
		3B9AC5EF2CC2B00D00F909B4 /* Resources */ = {
			isa = PBXResourcesBuildPhase;
			buildActionMask = 2147483647;
			files = (
			);
			runOnlyForDeploymentPostprocessing = 0;
		};
/* End PBXResourcesBuildPhase section */

/* Begin PBXSourcesBuildPhase section */
		3B9AC5CD2CC2B00C00F909B4 /* Sources */ = {
			isa = PBXSourcesBuildPhase;
			buildActionMask = 2147483647;
			files = (
				3B9AC6052CC2B3C500F909B4 /* Contact.swift in Sources */,
				3B9AC5D92CC2B00C00F909B4 /* ViewController.swift in Sources */,
				3B9AC5D52CC2B00C00F909B4 /* AppDelegate.swift in Sources */,
				3B9AC5D72CC2B00C00F909B4 /* SceneDelegate.swift in Sources */,
			);
			runOnlyForDeploymentPostprocessing = 0;
		};
		3B9AC5E32CC2B00D00F909B4 /* Sources */ = {
			isa = PBXSourcesBuildPhase;
			buildActionMask = 2147483647;
			files = (
				3B9AC5EC2CC2B00D00F909B4 /* ContactAppTests.swift in Sources */,
			);
			runOnlyForDeploymentPostprocessing = 0;
		};
		3B9AC5ED2CC2B00D00F909B4 /* Sources */ = {
			isa = PBXSourcesBuildPhase;
			buildActionMask = 2147483647;
			files = (
				3B9AC5F62CC2B00D00F909B4 /* ContactAppUITests.swift in Sources */,
				3B9AC5F82CC2B00D00F909B4 /* ContactAppUITestsLaunchTests.swift in Sources */,
			);
			runOnlyForDeploymentPostprocessing = 0;
		};
/* End PBXSourcesBuildPhase section */

/* Begin PBXTargetDependency section */
		3B9AC5E92CC2B00D00F909B4 /* PBXTargetDependency */ = {
			isa = PBXTargetDependency;
			target = 3B9AC5D02CC2B00C00F909B4 /* ContactApp */;
			targetProxy = 3B9AC5E82CC2B00D00F909B4 /* PBXContainerItemProxy */;
		};
		3B9AC5F32CC2B00D00F909B4 /* PBXTargetDependency */ = {
			isa = PBXTargetDependency;
			target = 3B9AC5D02CC2B00C00F909B4 /* ContactApp */;
			targetProxy = 3B9AC5F22CC2B00D00F909B4 /* PBXContainerItemProxy */;
		};
/* End PBXTargetDependency section */

/* Begin PBXVariantGroup section */
		3B9AC5DA2CC2B00C00F909B4 /* Main.storyboard */ = {
			isa = PBXVariantGroup;
			children = (
				3B9AC5DB2CC2B00C00F909B4 /* Base */,
			);
			name = Main.storyboard;
			sourceTree = "<group>";
		};
		3B9AC5DF2CC2B00D00F909B4 /* LaunchScreen.storyboard */ = {
			isa = PBXVariantGroup;
			children = (
				3B9AC5E02CC2B00D00F909B4 /* Base */,
			);
			name = LaunchScreen.storyboard;
			sourceTree = "<group>";
		};
/* End PBXVariantGroup section */

/* Begin XCBuildConfiguration section */
		3B9AC5F92CC2B00D00F909B4 /* Debug */ = {
			isa = XCBuildConfiguration;
			buildSettings = {
				ALWAYS_SEARCH_USER_PATHS = NO;
				ASSETCATALOG_COMPILER_GENERATE_SWIFT_ASSET_SYMBOL_EXTENSIONS = YES;
				CLANG_ANALYZER_NONNULL = YES;
				CLANG_ANALYZER_NUMBER_OBJECT_CONVERSION = YES_AGGRESSIVE;
				CLANG_CXX_LANGUAGE_STANDARD = "gnu++20";
				CLANG_ENABLE_MODULES = YES;
				CLANG_ENABLE_OBJC_ARC = YES;
				CLANG_ENABLE_OBJC_WEAK = YES;
				CLANG_WARN_BLOCK_CAPTURE_AUTORELEASING = YES;
				CLANG_WARN_BOOL_CONVERSION = YES;
				CLANG_WARN_COMMA = YES;
				CLANG_WARN_CONSTANT_CONVERSION = YES;
				CLANG_WARN_DEPRECATED_OBJC_IMPLEMENTATIONS = YES;
				CLANG_WARN_DIRECT_OBJC_ISA_USAGE = YES_ERROR;
				CLANG_WARN_DOCUMENTATION_COMMENTS = YES;
				CLANG_WARN_EMPTY_BODY = YES;
				CLANG_WARN_ENUM_CONVERSION = YES;
				CLANG_WARN_INFINITE_RECURSION = YES;
				CLANG_WARN_INT_CONVERSION = YES;
				CLANG_WARN_NON_LITERAL_NULL_CONVERSION = YES;
				CLANG_WARN_OBJC_IMPLICIT_RETAIN_SELF = YES;
				CLANG_WARN_OBJC_LITERAL_CONVERSION = YES;
				CLANG_WARN_OBJC_ROOT_CLASS = YES_ERROR;
				CLANG_WARN_QUOTED_INCLUDE_IN_FRAMEWORK_HEADER = YES;
				CLANG_WARN_RANGE_LOOP_ANALYSIS = YES;
				CLANG_WARN_STRICT_PROTOTYPES = YES;
				CLANG_WARN_SUSPICIOUS_MOVE = YES;
				CLANG_WARN_UNGUARDED_AVAILABILITY = YES_AGGRESSIVE;
				CLANG_WARN_UNREACHABLE_CODE = YES;
				CLANG_WARN__DUPLICATE_METHOD_MATCH = YES;
				COPY_PHASE_STRIP = NO;
				DEBUG_INFORMATION_FORMAT = dwarf;
				ENABLE_STRICT_OBJC_MSGSEND = YES;
				ENABLE_TESTABILITY = YES;
				ENABLE_USER_SCRIPT_SANDBOXING = YES;
				GCC_C_LANGUAGE_STANDARD = gnu17;
				GCC_DYNAMIC_NO_PIC = NO;
				GCC_NO_COMMON_BLOCKS = YES;
				GCC_OPTIMIZATION_LEVEL = 0;
				GCC_PREPROCESSOR_DEFINITIONS = (
					"DEBUG=1",
					"$(inherited)",
				);
				GCC_WARN_64_TO_32_BIT_CONVERSION = YES;
				GCC_WARN_ABOUT_RETURN_TYPE = YES_ERROR;
				GCC_WARN_UNDECLARED_SELECTOR = YES;
				GCC_WARN_UNINITIALIZED_AUTOS = YES_AGGRESSIVE;
				GCC_WARN_UNUSED_FUNCTION = YES;
				GCC_WARN_UNUSED_VARIABLE = YES;
				IPHONEOS_DEPLOYMENT_TARGET = 17.5;
				LOCALIZATION_PREFERS_STRING_CATALOGS = YES;
				MTL_ENABLE_DEBUG_INFO = INCLUDE_SOURCE;
				MTL_FAST_MATH = YES;
				ONLY_ACTIVE_ARCH = YES;
				SDKROOT = iphoneos;
				SWIFT_ACTIVE_COMPILATION_CONDITIONS = "DEBUG $(inherited)";
				SWIFT_OPTIMIZATION_LEVEL = "-Onone";
			};
			name = Debug;
		};
		3B9AC5FA2CC2B00D00F909B4 /* Release */ = {
			isa = XCBuildConfiguration;
			buildSettings = {
				ALWAYS_SEARCH_USER_PATHS = NO;
				ASSETCATALOG_COMPILER_GENERATE_SWIFT_ASSET_SYMBOL_EXTENSIONS = YES;
				CLANG_ANALYZER_NONNULL = YES;
				CLANG_ANALYZER_NUMBER_OBJECT_CONVERSION = YES_AGGRESSIVE;
				CLANG_CXX_LANGUAGE_STANDARD = "gnu++20";
				CLANG_ENABLE_MODULES = YES;
				CLANG_ENABLE_OBJC_ARC = YES;
				CLANG_ENABLE_OBJC_WEAK = YES;
				CLANG_WARN_BLOCK_CAPTURE_AUTORELEASING = YES;
				CLANG_WARN_BOOL_CONVERSION = YES;
				CLANG_WARN_COMMA = YES;
				CLANG_WARN_CONSTANT_CONVERSION = YES;
				CLANG_WARN_DEPRECATED_OBJC_IMPLEMENTATIONS = YES;
				CLANG_WARN_DIRECT_OBJC_ISA_USAGE = YES_ERROR;
				CLANG_WARN_DOCUMENTATION_COMMENTS = YES;
				CLANG_WARN_EMPTY_BODY = YES;
				CLANG_WARN_ENUM_CONVERSION = YES;
				CLANG_WARN_INFINITE_RECURSION = YES;
				CLANG_WARN_INT_CONVERSION = YES;
				CLANG_WARN_NON_LITERAL_NULL_CONVERSION = YES;
				CLANG_WARN_OBJC_IMPLICIT_RETAIN_SELF = YES;
				CLANG_WARN_OBJC_LITERAL_CONVERSION = YES;
				CLANG_WARN_OBJC_ROOT_CLASS = YES_ERROR;
				CLANG_WARN_QUOTED_INCLUDE_IN_FRAMEWORK_HEADER = YES;
				CLANG_WARN_RANGE_LOOP_ANALYSIS = YES;
				CLANG_WARN_STRICT_PROTOTYPES = YES;
				CLANG_WARN_SUSPICIOUS_MOVE = YES;
				CLANG_WARN_UNGUARDED_AVAILABILITY = YES_AGGRESSIVE;
				CLANG_WARN_UNREACHABLE_CODE = YES;
				CLANG_WARN__DUPLICATE_METHOD_MATCH = YES;
				COPY_PHASE_STRIP = NO;
				DEBUG_INFORMATION_FORMAT = "dwarf-with-dsym";
				ENABLE_NS_ASSERTIONS = NO;
				ENABLE_STRICT_OBJC_MSGSEND = YES;
				ENABLE_USER_SCRIPT_SANDBOXING = YES;
				GCC_C_LANGUAGE_STANDARD = gnu17;
				GCC_NO_COMMON_BLOCKS = YES;
				GCC_WARN_64_TO_32_BIT_CONVERSION = YES;
				GCC_WARN_ABOUT_RETURN_TYPE = YES_ERROR;
				GCC_WARN_UNDECLARED_SELECTOR = YES;
				GCC_WARN_UNINITIALIZED_AUTOS = YES_AGGRESSIVE;
				GCC_WARN_UNUSED_FUNCTION = YES;
				GCC_WARN_UNUSED_VARIABLE = YES;
				IPHONEOS_DEPLOYMENT_TARGET = 17.5;
				LOCALIZATION_PREFERS_STRING_CATALOGS = YES;
				MTL_ENABLE_DEBUG_INFO = NO;
				MTL_FAST_MATH = YES;
				SDKROOT = iphoneos;
				SWIFT_COMPILATION_MODE = wholemodule;
				VALIDATE_PRODUCT = YES;
			};
			name = Release;
		};
		3B9AC5FC2CC2B00D00F909B4 /* Debug */ = {
			isa = XCBuildConfiguration;
			buildSettings = {
				ASSETCATALOG_COMPILER_APPICON_NAME = AppIcon;
				ASSETCATALOG_COMPILER_GLOBAL_ACCENT_COLOR_NAME = AccentColor;
				CODE_SIGN_STYLE = Automatic;
				CURRENT_PROJECT_VERSION = 1;
				GENERATE_INFOPLIST_FILE = YES;
				INFOPLIST_FILE = ContactApp/Info.plist;
				INFOPLIST_KEY_UIApplicationSupportsIndirectInputEvents = YES;
				INFOPLIST_KEY_UILaunchStoryboardName = LaunchScreen;
				INFOPLIST_KEY_UIMainStoryboardFile = Main;
				INFOPLIST_KEY_UISupportedInterfaceOrientations_iPad = "UIInterfaceOrientationPortrait UIInterfaceOrientationPortraitUpsideDown UIInterfaceOrientationLandscapeLeft UIInterfaceOrientationLandscapeRight";
				INFOPLIST_KEY_UISupportedInterfaceOrientations_iPhone = "UIInterfaceOrientationPortrait UIInterfaceOrientationLandscapeLeft UIInterfaceOrientationLandscapeRight";
				LD_RUNPATH_SEARCH_PATHS = (
					"$(inherited)",
					"@executable_path/Frameworks",
				);
				MARKETING_VERSION = 1.0;
				PRODUCT_BUNDLE_IDENTIFIER = SDU.ContactApp;
				PRODUCT_NAME = "$(TARGET_NAME)";
				SWIFT_EMIT_LOC_STRINGS = YES;
				SWIFT_VERSION = 5.0;
				TARGETED_DEVICE_FAMILY = "1,2";
			};
			name = Debug;
		};
		3B9AC5FD2CC2B00D00F909B4 /* Release */ = {
			isa = XCBuildConfiguration;
			buildSettings = {
				ASSETCATALOG_COMPILER_APPICON_NAME = AppIcon;
				ASSETCATALOG_COMPILER_GLOBAL_ACCENT_COLOR_NAME = AccentColor;
				CODE_SIGN_STYLE = Automatic;
				CURRENT_PROJECT_VERSION = 1;
				GENERATE_INFOPLIST_FILE = YES;
				INFOPLIST_FILE = ContactApp/Info.plist;
				INFOPLIST_KEY_UIApplicationSupportsIndirectInputEvents = YES;
				INFOPLIST_KEY_UILaunchStoryboardName = LaunchScreen;
				INFOPLIST_KEY_UIMainStoryboardFile = Main;
				INFOPLIST_KEY_UISupportedInterfaceOrientations_iPad = "UIInterfaceOrientationPortrait UIInterfaceOrientationPortraitUpsideDown UIInterfaceOrientationLandscapeLeft UIInterfaceOrientationLandscapeRight";
				INFOPLIST_KEY_UISupportedInterfaceOrientations_iPhone = "UIInterfaceOrientationPortrait UIInterfaceOrientationLandscapeLeft UIInterfaceOrientationLandscapeRight";
				LD_RUNPATH_SEARCH_PATHS = (
					"$(inherited)",
					"@executable_path/Frameworks",
				);
				MARKETING_VERSION = 1.0;
				PRODUCT_BUNDLE_IDENTIFIER = SDU.ContactApp;
				PRODUCT_NAME = "$(TARGET_NAME)";
				SWIFT_EMIT_LOC_STRINGS = YES;
				SWIFT_VERSION = 5.0;
				TARGETED_DEVICE_FAMILY = "1,2";
			};
			name = Release;
		};
		3B9AC5FF2CC2B00D00F909B4 /* Debug */ = {
			isa = XCBuildConfiguration;
			buildSettings = {
				ALWAYS_EMBED_SWIFT_STANDARD_LIBRARIES = YES;
				BUNDLE_LOADER = "$(TEST_HOST)";
				CODE_SIGN_STYLE = Automatic;
				CURRENT_PROJECT_VERSION = 1;
				GENERATE_INFOPLIST_FILE = YES;
				IPHONEOS_DEPLOYMENT_TARGET = 17.5;
				MARKETING_VERSION = 1.0;
				PRODUCT_BUNDLE_IDENTIFIER = SDU.ContactAppTests;
				PRODUCT_NAME = "$(TARGET_NAME)";
				SWIFT_EMIT_LOC_STRINGS = NO;
				SWIFT_VERSION = 5.0;
				TARGETED_DEVICE_FAMILY = "1,2";
				TEST_HOST = "$(BUILT_PRODUCTS_DIR)/ContactApp.app/$(BUNDLE_EXECUTABLE_FOLDER_PATH)/ContactApp";
			};
			name = Debug;
		};
		3B9AC6002CC2B00D00F909B4 /* Release */ = {
			isa = XCBuildConfiguration;
			buildSettings = {
				ALWAYS_EMBED_SWIFT_STANDARD_LIBRARIES = YES;
				BUNDLE_LOADER = "$(TEST_HOST)";
				CODE_SIGN_STYLE = Automatic;
				CURRENT_PROJECT_VERSION = 1;
				GENERATE_INFOPLIST_FILE = YES;
				IPHONEOS_DEPLOYMENT_TARGET = 17.5;
				MARKETING_VERSION = 1.0;
				PRODUCT_BUNDLE_IDENTIFIER = SDU.ContactAppTests;
				PRODUCT_NAME = "$(TARGET_NAME)";
				SWIFT_EMIT_LOC_STRINGS = NO;
				SWIFT_VERSION = 5.0;
				TARGETED_DEVICE_FAMILY = "1,2";
				TEST_HOST = "$(BUILT_PRODUCTS_DIR)/ContactApp.app/$(BUNDLE_EXECUTABLE_FOLDER_PATH)/ContactApp";
			};
			name = Release;
		};
		3B9AC6022CC2B00D00F909B4 /* Debug */ = {
			isa = XCBuildConfiguration;
			buildSettings = {
				ALWAYS_EMBED_SWIFT_STANDARD_LIBRARIES = YES;
				CODE_SIGN_STYLE = Automatic;
				CURRENT_PROJECT_VERSION = 1;
				GENERATE_INFOPLIST_FILE = YES;
				MARKETING_VERSION = 1.0;
				PRODUCT_BUNDLE_IDENTIFIER = SDU.ContactAppUITests;
				PRODUCT_NAME = "$(TARGET_NAME)";
				SWIFT_EMIT_LOC_STRINGS = NO;
				SWIFT_VERSION = 5.0;
				TARGETED_DEVICE_FAMILY = "1,2";
				TEST_TARGET_NAME = ContactApp;
			};
			name = Debug;
		};
		3B9AC6032CC2B00D00F909B4 /* Release */ = {
			isa = XCBuildConfiguration;
			buildSettings = {
				ALWAYS_EMBED_SWIFT_STANDARD_LIBRARIES = YES;
				CODE_SIGN_STYLE = Automatic;
				CURRENT_PROJECT_VERSION = 1;
				GENERATE_INFOPLIST_FILE = YES;
				MARKETING_VERSION = 1.0;
				PRODUCT_BUNDLE_IDENTIFIER = SDU.ContactAppUITests;
				PRODUCT_NAME = "$(TARGET_NAME)";
				SWIFT_EMIT_LOC_STRINGS = NO;
				SWIFT_VERSION = 5.0;
				TARGETED_DEVICE_FAMILY = "1,2";
				TEST_TARGET_NAME = ContactApp;
			};
			name = Release;
		};
/* End XCBuildConfiguration section */

/* Begin XCConfigurationList section */
		3B9AC5CC2CC2B00C00F909B4 /* Build configuration list for PBXProject "ContactApp" */ = {
			isa = XCConfigurationList;
			buildConfigurations = (
				3B9AC5F92CC2B00D00F909B4 /* Debug */,
				3B9AC5FA2CC2B00D00F909B4 /* Release */,
			);
			defaultConfigurationIsVisible = 0;
			defaultConfigurationName = Release;
		};
		3B9AC5FB2CC2B00D00F909B4 /* Build configuration list for PBXNativeTarget "ContactApp" */ = {
			isa = XCConfigurationList;
			buildConfigurations = (
				3B9AC5FC2CC2B00D00F909B4 /* Debug */,
				3B9AC5FD2CC2B00D00F909B4 /* Release */,
			);
			defaultConfigurationIsVisible = 0;
			defaultConfigurationName = Release;
		};
		3B9AC5FE2CC2B00D00F909B4 /* Build configuration list for PBXNativeTarget "ContactAppTests" */ = {
			isa = XCConfigurationList;
			buildConfigurations = (
				3B9AC5FF2CC2B00D00F909B4 /* Debug */,
				3B9AC6002CC2B00D00F909B4 /* Release */,
			);
			defaultConfigurationIsVisible = 0;
			defaultConfigurationName = Release;
		};
		3B9AC6012CC2B00D00F909B4 /* Build configuration list for PBXNativeTarget "ContactAppUITests" */ = {
			isa = XCConfigurationList;
			buildConfigurations = (
				3B9AC6022CC2B00D00F909B4 /* Debug */,
				3B9AC6032CC2B00D00F909B4 /* Release */,
			);
			defaultConfigurationIsVisible = 0;
			defaultConfigurationName = Release;
		};
/* End XCConfigurationList section */
	};
	rootObject = 3B9AC5C92CC2B00C00F909B4 /* Project object */;
}
